github.com/belfinor/lrand v1.0.0 h1:OexSDmbbkwq4qxm606RBN3oM1fvJV0yBvktxv2kJm8U=
github.com/belfinor/lrand v1.0.0/go.mod h1:Wu37VFiKDDccnRKMgp09WVcTwd73uyARm6UH7DRItLk=
github.com/belfinor/lrand v1.0.1 h1:CRx9HRZ2H2Xa0gwoQkrwgpokH4p1X1i+B/An9QkSWms=
github.com/belfinor/lrand v1.0.1/go.mod h1:Wu37VFiKDDccnRKMgp09WVcTwd73uyARm6UH7DRItLk=
